
Microsoft Visual Studio Solution File, Format Version 12.00
# Visual Studio Version 17
VisualStudioVersion = 17.9.34723.18
MinimumVisualStudioVersion = 10.0.40219.1
Project("{FAE04EC0-301F-11D3-BF4B-00C04F79EFBC}") = "Week12c#lab", "Week12c#lab\Week12c#lab.csproj", "{569A284B-D7F1-470C-A10C-7991223EDF68}"
EndProject
Global
	GlobalSection(SolutionConfigurationPlatforms) = preSolution
		Debug|Any CPU = Debug|Any CPU
		Release|Any CPU = Release|Any CPU
	EndGlobalSection
	GlobalSection(ProjectConfigurationPlatforms) = postSolution
		{569A284B-D7F1-470C-A10C-7991223EDF68}.Debug|Any CPU.ActiveCfg = Debug|Any CPU
		{569A284B-D7F1-470C-A10C-7991223EDF68}.Debug|Any CPU.Build.0 = Debug|Any CPU
		{569A284B-D7F1-470C-A10C-7991223EDF68}.Release|Any CPU.ActiveCfg = Release|Any CPU
		{569A284B-D7F1-470C-A10C-7991223EDF68}.Release|Any CPU.Build.0 = Release|Any CPU
	EndGlobalSection
	GlobalSection(SolutionProperties) = preSolution
		HideSolutionNode = FALSE
	EndGlobalSection
	GlobalSection(ExtensibilityGlobals) = postSolution
		SolutionGuid = {63068B20-487C-4E0D-92A0-680D09EF17F7}
	EndGlobalSection
EndGlobal
